// !$*UTF8*$!
{
	archiveVersion = 1;
	classes = {
	};
	objectVersion = 46;
	objects = {

/* Begin PBXBuildFile section */
		D85E76861D200D530084CCFD /* MainViewController.swift in Sources */ = {isa = PBXBuildFile; fileRef = D85E76841D200D530084CCFD /* MainViewController.swift */; };
		D85E76871D200D530084CCFD /* MainViewController.xib in Resources */ = {isa = PBXBuildFile; fileRef = D85E76851D200D530084CCFD /* MainViewController.xib */; };
		D8C7D62B1D1E933E00006FF5 /* AppDelegate.swift in Sources */ = {isa = PBXBuildFile; fileRef = D8C7D62A1D1E933E00006FF5 /* AppDelegate.swift */; };
		D8C7D6331D1E933E00006FF5 /* Animation.xcdatamodeld in Sources */ = {isa = PBXBuildFile; fileRef = D8C7D6311D1E933E00006FF5 /* Animation.xcdatamodeld */; };
		D8C7D6351D1E933E00006FF5 /* Assets.xcassets in Resources */ = {isa = PBXBuildFile; fileRef = D8C7D6341D1E933E00006FF5 /* Assets.xcassets */; };
		D8C7D6381D1E933E00006FF5 /* LaunchScreen.storyboard in Resources */ = {isa = PBXBuildFile; fileRef = D8C7D6361D1E933E00006FF5 /* LaunchScreen.storyboard */; };
		D8C7D6431D1E933E00006FF5 /* AnimationTests.swift in Sources */ = {isa = PBXBuildFile; fileRef = D8C7D6421D1E933E00006FF5 /* AnimationTests.swift */; };
		D8C7D64E1D1E933E00006FF5 /* AnimationUITests.swift in Sources */ = {isa = PBXBuildFile; fileRef = D8C7D64D1D1E933E00006FF5 /* AnimationUITests.swift */; };
/* End PBXBuildFile section */

/* Begin PBXContainerItemProxy section */
		D8C7D63F1D1E933E00006FF5 /* PBXContainerItemProxy */ = {
			isa = PBXContainerItemProxy;
			containerPortal = D8C7D61F1D1E933E00006FF5 /* Project object */;
			proxyType = 1;
			remoteGlobalIDString = D8C7D6261D1E933E00006FF5;
			remoteInfo = Animation;
		};
		D8C7D64A1D1E933E00006FF5 /* PBXContainerItemProxy */ = {
			isa = PBXContainerItemProxy;
			containerPortal = D8C7D61F1D1E933E00006FF5 /* Project object */;
			proxyType = 1;
			remoteGlobalIDString = D8C7D6261D1E933E00006FF5;
			remoteInfo = Animation;
		};
/* End PBXContainerItemProxy section */

/* Begin PBXFileReference section */
		D85E76841D200D530084CCFD /* MainViewController.swift */ = {isa = PBXFileReference; fileEncoding = 4; lastKnownFileType = sourcecode.swift; path = MainViewController.swift; sourceTree = "<group>"; };
		D85E76851D200D530084CCFD /* MainViewController.xib */ = {isa = PBXFileReference; fileEncoding = 4; lastKnownFileType = file.xib; path = MainViewController.xib; sourceTree = "<group>"; };
		D8C7D6271D1E933E00006FF5 /* Animation.app */ = {isa = PBXFileReference; explicitFileType = wrapper.application; includeInIndex = 0; path = Animation.app; sourceTree = BUILT_PRODUCTS_DIR; };
		D8C7D62A1D1E933E00006FF5 /* AppDelegate.swift */ = {isa = PBXFileReference; lastKnownFileType = sourcecode.swift; path = AppDelegate.swift; sourceTree = "<group>"; };
		D8C7D6321D1E933E00006FF5 /* Animation.xcdatamodel */ = {isa = PBXFileReference; lastKnownFileType = wrapper.xcdatamodel; path = Animation.xcdatamodel; sourceTree = "<group>"; };
		D8C7D6341D1E933E00006FF5 /* Assets.xcassets */ = {isa = PBXFileReference; lastKnownFileType = folder.assetcatalog; path = Assets.xcassets; sourceTree = "<group>"; };
		D8C7D6371D1E933E00006FF5 /* Base */ = {isa = PBXFileReference; lastKnownFileType = file.storyboard; name = Base; path = Base.lproj/LaunchScreen.storyboard; sourceTree = "<group>"; };
		D8C7D6391D1E933E00006FF5 /* Info.plist */ = {isa = PBXFileReference; lastKnownFileType = text.plist.xml; path = Info.plist; sourceTree = "<group>"; };
		D8C7D63E1D1E933E00006FF5 /* AnimationTests.xctest */ = {isa = PBXFileReference; explicitFileType = wrapper.cfbundle; includeInIndex = 0; path = AnimationTests.xctest; sourceTree = BUILT_PRODUCTS_DIR; };
		D8C7D6421D1E933E00006FF5 /* AnimationTests.swift */ = {isa = PBXFileReference; lastKnownFileType = sourcecode.swift; path = AnimationTests.swift; sourceTree = "<group>"; };
		D8C7D6441D1E933E00006FF5 /* Info.plist */ = {isa = PBXFileReference; lastKnownFileType = text.plist.xml; path = Info.plist; sourceTree = "<group>"; };
		D8C7D6491D1E933E00006FF5 /* AnimationUITests.xctest */ = {isa = PBXFileReference; explicitFileType = wrapper.cfbundle; includeInIndex = 0; path = AnimationUITests.xctest; sourceTree = BUILT_PRODUCTS_DIR; };
		D8C7D64D1D1E933E00006FF5 /* AnimationUITests.swift */ = {isa = PBXFileReference; lastKnownFileType = sourcecode.swift; path = AnimationUITests.swift; sourceTree = "<group>"; };
		D8C7D64F1D1E933E00006FF5 /* Info.plist */ = {isa = PBXFileReference; lastKnownFileType = text.plist.xml; path = Info.plist; sourceTree = "<group>"; };
/* End PBXFileReference section */

/* Begin PBXFrameworksBuildPhase section */
		D8C7D6241D1E933E00006FF5 /* Frameworks */ = {
			isa = PBXFrameworksBuildPhase;
			buildActionMask = 2147483647;
			files = (
			);
			runOnlyForDeploymentPostprocessing = 0;
		};
		D8C7D63B1D1E933E00006FF5 /* Frameworks */ = {
			isa = PBXFrameworksBuildPhase;
			buildActionMask = 2147483647;
			files = (
			);
			runOnlyForDeploymentPostprocessing = 0;
		};
		D8C7D6461D1E933E00006FF5 /* Frameworks */ = {
			isa = PBXFrameworksBuildPhase;
			buildActionMask = 2147483647;
			files = (
			);
			runOnlyForDeploymentPostprocessing = 0;
		};
/* End PBXFrameworksBuildPhase section */

/* Begin PBXGroup section */
		D8C7D61E1D1E933E00006FF5 = {
			isa = PBXGroup;
			children = (
				D8C7D6291D1E933E00006FF5 /* Animation */,
				D8C7D6411D1E933E00006FF5 /* AnimationTests */,
				D8C7D64C1D1E933E00006FF5 /* AnimationUITests */,
				D8C7D6281D1E933E00006FF5 /* Products */,
			);
			sourceTree = "<group>";
		};
		D8C7D6281D1E933E00006FF5 /* Products */ = {
			isa = PBXGroup;
			children = (
				D8C7D6271D1E933E00006FF5 /* Animation.app */,
				D8C7D63E1D1E933E00006FF5 /* AnimationTests.xctest */,
				D8C7D6491D1E933E00006FF5 /* AnimationUITests.xctest */,
			);
			name = Products;
			sourceTree = "<group>";
		};
		D8C7D6291D1E933E00006FF5 /* Animation */ = {
			isa = PBXGroup;
			children = (
				D8C7D62A1D1E933E00006FF5 /* AppDelegate.swift */,
				D85E76841D200D530084CCFD /* MainViewController.swift */,
				D85E76851D200D530084CCFD /* MainViewController.xib */,
				D8C7D6341D1E933E00006FF5 /* Assets.xcassets */,
				D8C7D6361D1E933E00006FF5 /* LaunchScreen.storyboard */,
				D8C7D6391D1E933E00006FF5 /* Info.plist */,
				D8C7D6311D1E933E00006FF5 /* Animation.xcdatamodeld */,
			);
			path = Animation;
			sourceTree = "<group>";
		};
		D8C7D6411D1E933E00006FF5 /* AnimationTests */ = {
			isa = PBXGroup;
			children = (
				D8C7D6421D1E933E00006FF5 /* AnimationTests.swift */,
				D8C7D6441D1E933E00006FF5 /* Info.plist */,
			);
			path = AnimationTests;
			sourceTree = "<group>";
		};
		D8C7D64C1D1E933E00006FF5 /* AnimationUITests */ = {
			isa = PBXGroup;
			children = (
				D8C7D64D1D1E933E00006FF5 /* AnimationUITests.swift */,
				D8C7D64F1D1E933E00006FF5 /* Info.plist */,
			);
			path = AnimationUITests;
			sourceTree = "<group>";
		};
/* End PBXGroup section */

/* Begin PBXNativeTarget section */
		D8C7D6261D1E933E00006FF5 /* Animation */ = {
			isa = PBXNativeTarget;
			buildConfigurationList = D8C7D6521D1E933E00006FF5 /* Build configuration list for PBXNativeTarget "Animation" */;
			buildPhases = (
				D8C7D6231D1E933E00006FF5 /* Sources */,
				D8C7D6241D1E933E00006FF5 /* Frameworks */,
				D8C7D6251D1E933E00006FF5 /* Resources */,
			);
			buildRules = (
			);
			dependencies = (
			);
			name = Animation;
			productName = Animation;
			productReference = D8C7D6271D1E933E00006FF5 /* Animation.app */;
			productType = "com.apple.product-type.application";
		};
		D8C7D63D1D1E933E00006FF5 /* AnimationTests */ = {
			isa = PBXNativeTarget;
			buildConfigurationList = D8C7D6551D1E933E00006FF5 /* Build configuration list for PBXNativeTarget "AnimationTests" */;
			buildPhases = (
				D8C7D63A1D1E933E00006FF5 /* Sources */,
				D8C7D63B1D1E933E00006FF5 /* Frameworks */,
				D8C7D63C1D1E933E00006FF5 /* Resources */,
			);
			buildRules = (
			);
			dependencies = (
				D8C7D6401D1E933E00006FF5 /* PBXTargetDependency */,
			);
			name = AnimationTests;
			productName = AnimationTests;
			productReference = D8C7D63E1D1E933E00006FF5 /* AnimationTests.xctest */;
			productType = "com.apple.product-type.bundle.unit-test";
		};
		D8C7D6481D1E933E00006FF5 /* AnimationUITests */ = {
			isa = PBXNativeTarget;
			buildConfigurationList = D8C7D6581D1E933E00006FF5 /* Build configuration list for PBXNativeTarget "AnimationUITests" */;
			buildPhases = (
				D8C7D6451D1E933E00006FF5 /* Sources */,
				D8C7D6461D1E933E00006FF5 /* Frameworks */,
				D8C7D6471D1E933E00006FF5 /* Resources */,
			);
			buildRules = (
			);
			dependencies = (
				D8C7D64B1D1E933E00006FF5 /* PBXTargetDependency */,
			);
			name = AnimationUITests;
			productName = AnimationUITests;
			productReference = D8C7D6491D1E933E00006FF5 /* AnimationUITests.xctest */;
			productType = "com.apple.product-type.bundle.ui-testing";
		};
/* End PBXNativeTarget section */

/* Begin PBXProject section */
		D8C7D61F1D1E933E00006FF5 /* Project object */ = {
			isa = PBXProject;
			attributes = {
				LastSwiftUpdateCheck = 0730;
				LastUpgradeCheck = 0830;
				ORGANIZATIONNAME = HenryFanDi;
				TargetAttributes = {
					D8C7D6261D1E933E00006FF5 = {
						CreatedOnToolsVersion = 7.3;
						LastSwiftMigration = 0830;
						ProvisioningStyle = Manual;
					};
					D8C7D63D1D1E933E00006FF5 = {
						CreatedOnToolsVersion = 7.3;
						LastSwiftMigration = 0830;
						TestTargetID = D8C7D6261D1E933E00006FF5;
					};
					D8C7D6481D1E933E00006FF5 = {
						CreatedOnToolsVersion = 7.3;
						LastSwiftMigration = 0830;
						TestTargetID = D8C7D6261D1E933E00006FF5;
					};
				};
			};
			buildConfigurationList = D8C7D6221D1E933E00006FF5 /* Build configuration list for PBXProject "Animation" */;
			compatibilityVersion = "Xcode 3.2";
			developmentRegion = English;
			hasScannedForEncodings = 0;
			knownRegions = (
				en,
				Base,
			);
			mainGroup = D8C7D61E1D1E933E00006FF5;
			productRefGroup = D8C7D6281D1E933E00006FF5 /* Products */;
			projectDirPath = "";
			projectRoot = "";
			targets = (
				D8C7D6261D1E933E00006FF5 /* Animation */,
				D8C7D63D1D1E933E00006FF5 /* AnimationTests */,
				D8C7D6481D1E933E00006FF5 /* AnimationUITests */,
			);
		};
/* End PBXProject section */

/* Begin PBXResourcesBuildPhase section */
		D8C7D6251D1E933E00006FF5 /* Resources */ = {
			isa = PBXResourcesBuildPhase;
			buildActionMask = 2147483647;
			files = (
				D8C7D6381D1E933E00006FF5 /* LaunchScreen.storyboard in Resources */,
				D85E76871D200D530084CCFD /* MainViewController.xib in Resources */,
				D8C7D6351D1E933E00006FF5 /* Assets.xcassets in Resources */,
			);
			runOnlyForDeploymentPostprocessing = 0;
		};
		D8C7D63C1D1E933E00006FF5 /* Resources */ = {
			isa = PBXResourcesBuildPhase;
			buildActionMask = 2147483647;
			files = (
			);
			runOnlyForDeploymentPostprocessing = 0;
		};
		D8C7D6471D1E933E00006FF5 /* Resources */ = {
			isa = PBXResourcesBuildPhase;
			buildActionMask = 2147483647;
			files = (
			);
			runOnlyForDeploymentPostprocessing = 0;
		};
/* End PBXResourcesBuildPhase section */

/* Begin PBXSourcesBuildPhase section */
		D8C7D6231D1E933E00006FF5 /* Sources */ = {
			isa = PBXSourcesBuildPhase;
			buildActionMask = 2147483647;
			files = (
				D85E76861D200D530084CCFD /* MainViewController.swift in Sources */,
				D8C7D6331D1E933E00006FF5 /* Animation.xcdatamodeld in Sources */,
				D8C7D62B1D1E933E00006FF5 /* AppDelegate.swift in Sources */,
			);
			runOnlyForDeploymentPostprocessing = 0;
		};
		D8C7D63A1D1E933E00006FF5 /* Sources */ = {
			isa = PBXSourcesBuildPhase;
			buildActionMask = 2147483647;
			files = (
				D8C7D6431D1E933E00006FF5 /* AnimationTests.swift in Sources */,
			);
			runOnlyForDeploymentPostprocessing = 0;
		};
		D8C7D6451D1E933E00006FF5 /* Sources */ = {
			isa = PBXSourcesBuildPhase;
			buildActionMask = 2147483647;
			files = (
				D8C7D64E1D1E933E00006FF5 /* AnimationUITests.swift in Sources */,
			);
			runOnlyForDeploymentPostprocessing = 0;
		};
/* End PBXSourcesBuildPhase section */

/* Begin PBXTargetDependency section */
		D8C7D6401D1E933E00006FF5 /* PBXTargetDependency */ = {
			isa = PBXTargetDependency;
			target = D8C7D6261D1E933E00006FF5 /* Animation */;
			targetProxy = D8C7D63F1D1E933E00006FF5 /* PBXContainerItemProxy */;
		};
		D8C7D64B1D1E933E00006FF5 /* PBXTargetDependency */ = {
			isa = PBXTargetDependency;
			target = D8C7D6261D1E933E00006FF5 /* Animation */;
			targetProxy = D8C7D64A1D1E933E00006FF5 /* PBXContainerItemProxy */;
		};
/* End PBXTargetDependency section */

/* Begin PBXVariantGroup section */
		D8C7D6361D1E933E00006FF5 /* LaunchScreen.storyboard */ = {
			isa = PBXVariantGroup;
			children = (
				D8C7D6371D1E933E00006FF5 /* Base */,
			);
			name = LaunchScreen.storyboard;
			sourceTree = "<group>";
		};
/* End PBXVariantGroup section */

/* Begin XCBuildConfiguration section */
		D8C7D6501D1E933E00006FF5 /* Debug */ = {
			isa = XCBuildConfiguration;
			buildSettings = {
				ALWAYS_SEARCH_USER_PATHS = NO;
				CLANG_ANALYZER_NONNULL = YES;
				CLANG_CXX_LANGUAGE_STANDARD = "gnu++0x";
				CLANG_CXX_LIBRARY = "libc++";
				CLANG_ENABLE_MODULES = YES;
				CLANG_ENABLE_OBJC_ARC = YES;
				CLANG_WARN_BOOL_CONVERSION = YES;
				CLANG_WARN_CONSTANT_CONVERSION = YES;
				CLANG_WARN_DIRECT_OBJC_ISA_USAGE = YES_ERROR;
				CLANG_WARN_EMPTY_BODY = YES;
				CLANG_WARN_ENUM_CONVERSION = YES;
				CLANG_WARN_INFINITE_RECURSION = YES;
				CLANG_WARN_INT_CONVERSION = YES;
				CLANG_WARN_OBJC_ROOT_CLASS = YES_ERROR;
				CLANG_WARN_SUSPICIOUS_MOVE = YES;
				CLANG_WARN_UNREACHABLE_CODE = YES;
				CLANG_WARN__DUPLICATE_METHOD_MATCH = YES;
				"CODE_SIGN_IDENTITY[sdk=iphoneos*]" = "iPhone Developer";
				COPY_PHASE_STRIP = NO;
				DEBUG_INFORMATION_FORMAT = dwarf;
				ENABLE_STRICT_OBJC_MSGSEND = YES;
				ENABLE_TESTABILITY = YES;
				GCC_C_LANGUAGE_STANDARD = gnu99;
				GCC_DYNAMIC_NO_PIC = NO;
				GCC_NO_COMMON_BLOCKS = YES;
				GCC_OPTIMIZATION_LEVEL = 0;
				GCC_PREPROCESSOR_DEFINITIONS = (
					"DEBUG=1",
					"$(inherited)",
				);
				GCC_WARN_64_TO_32_BIT_CONVERSION = YES;
				GCC_WARN_ABOUT_RETURN_TYPE = YES_ERROR;
				GCC_WARN_UNDECLARED_SELECTOR = YES;
				GCC_WARN_UNINITIALIZED_AUTOS = YES_AGGRESSIVE;
				GCC_WARN_UNUSED_FUNCTION = YES;
				GCC_WARN_UNUSED_VARIABLE = YES;
				IPHONEOS_DEPLOYMENT_TARGET = 10.3;
				MTL_ENABLE_DEBUG_INFO = YES;
				ONLY_ACTIVE_ARCH = YES;
				SDKROOT = iphoneos;
				SWIFT_OPTIMIZATION_LEVEL = "-Onone";
			};
			name = Debug;
		};
		D8C7D6511D1E933E00006FF5 /* Release */ = {
			isa = XCBuildConfiguration;
			buildSettings = {
				ALWAYS_SEARCH_USER_PATHS = NO;
				CLANG_ANALYZER_NONNULL = YES;
				CLANG_CXX_LANGUAGE_STANDARD = "gnu++0x";
				CLANG_CXX_LIBRARY = "libc++";
				CLANG_ENABLE_MODULES = YES;
				CLANG_ENABLE_OBJC_ARC = YES;
				CLANG_WARN_BOOL_CONVERSION = YES;
				CLANG_WARN_CONSTANT_CONVERSION = YES;
				CLANG_WARN_DIRECT_OBJC_ISA_USAGE = YES_ERROR;
				CLANG_WARN_EMPTY_BODY = YES;
				CLANG_WARN_ENUM_CONVERSION = YES;
				CLANG_WARN_INFINITE_RECURSION = YES;
				CLANG_WARN_INT_CONVERSION = YES;
				CLANG_WARN_OBJC_ROOT_CLASS = YES_ERROR;
				CLANG_WARN_SUSPICIOUS_MOVE = YES;
				CLANG_WARN_UNREACHABLE_CODE = YES;
				CLANG_WARN__DUPLICATE_METHOD_MATCH = YES;
				"CODE_SIGN_IDENTITY[sdk=iphoneos*]" = "iPhone Developer";
				COPY_PHASE_STRIP = NO;
				DEBUG_INFORMATION_FORMAT = "dwarf-with-dsym";
				ENABLE_NS_ASSERTIONS = NO;
				ENABLE_STRICT_OBJC_MSGSEND = YES;
				GCC_C_LANGUAGE_STANDARD = gnu99;
				GCC_NO_COMMON_BLOCKS = YES;
				GCC_WARN_64_TO_32_BIT_CONVERSION = YES;
				GCC_WARN_ABOUT_RETURN_TYPE = YES_ERROR;
				GCC_WARN_UNDECLARED_SELECTOR = YES;
				GCC_WARN_UNINITIALIZED_AUTOS = YES_AGGRESSIVE;
				GCC_WARN_UNUSED_FUNCTION = YES;
				GCC_WARN_UNUSED_VARIABLE = YES;
				IPHONEOS_DEPLOYMENT_TARGET = 10.3;
				MTL_ENABLE_DEBUG_INFO = NO;
				SDKROOT = iphoneos;
				SWIFT_OPTIMIZATION_LEVEL = "-Owholemodule";
				VALIDATE_PRODUCT = YES;
			};
			name = Release;
		};
		D8C7D6531D1E933E00006FF5 /* Debug */ = {
			isa = XCBuildConfiguration;
			buildSettings = {
				ASSETCATALOG_COMPILER_APPICON_NAME = AppIcon;
				DEVELOPMENT_TEAM = "";
				INFOPLIST_FILE = Animation/Info.plist;
				IPHONEOS_DEPLOYMENT_TARGET = 8.0;
				LD_RUNPATH_SEARCH_PATHS = "$(inherited) @executable_path/Frameworks";
				PRODUCT_BUNDLE_IDENTIFIER = com.HenryFanDi.Animation;
				PRODUCT_NAME = "$(TARGET_NAME)";
				PROVISIONING_PROFILE_SPECIFIER = "";
				SWIFT_VERSION = 3.0;
			};
			name = Debug;
		};
		D8C7D6541D1E933E00006FF5 /* Release */ = {
			isa = XCBuildConfiguration;
			buildSettings = {
				ASSETCATALOG_COMPILER_APPICON_NAME = AppIcon;
				DEVELOPMENT_TEAM = "";
				INFOPLIST_FILE = Animation/Info.plist;
				IPHONEOS_DEPLOYMENT_TARGET = 8.0;
				LD_RUNPATH_SEARCH_PATHS = "$(inherited) @executable_path/Frameworks";
				PRODUCT_BUNDLE_IDENTIFIER = com.HenryFanDi.Animation;
				PRODUCT_NAME = "$(TARGET_NAME)";
				PROVISIONING_PROFILE_SPECIFIER = "";
				SWIFT_VERSION = 3.0;
			};
			name = Release;
		};
		D8C7D6561D1E933E00006FF5 /* Debug */ = {
			isa = XCBuildConfiguration;
			buildSettings = {
				BUNDLE_LOADER = "$(TEST_HOST)";
				INFOPLIST_FILE = AnimationTests/Info.plist;
				LD_RUNPATH_SEARCH_PATHS = "$(inherited) @executable_path/Frameworks @loader_path/Frameworks";
				PRODUCT_BUNDLE_IDENTIFIER = com.HenryFanDi.AnimationTests;
				PRODUCT_NAME = "$(TARGET_NAME)";
				SWIFT_VERSION = 3.0;
				TEST_HOST = "$(BUILT_PRODUCTS_DIR)/Animation.app/Animation";
			};
			name = Debug;
		};
		D8C7D6571D1E933E00006FF5 /* Release */ = {
			isa = XCBuildConfiguration;
			buildSettings = {
				BUNDLE_LOADER = "$(TEST_HOST)";
				INFOPLIST_FILE = AnimationTests/Info.plist;
				LD_RUNPATH_SEARCH_PATHS = "$(inherited) @executable_path/Frameworks @loader_path/Frameworks";
				PRODUCT_BUNDLE_IDENTIFIER = com.HenryFanDi.AnimationTests;
				PRODUCT_NAME = "$(TARGET_NAME)";
				SWIFT_VERSION = 3.0;
				TEST_HOST = "$(BUILT_PRODUCTS_DIR)/Animation.app/Animation";
			};
			name = Release;
		};
		D8C7D6591D1E933E00006FF5 /* Debug */ = {
			isa = XCBuildConfiguration;
			buildSettings = {
				INFOPLIST_FILE = AnimationUITests/Info.plist;
				LD_RUNPATH_SEARCH_PATHS = "$(inherited) @executable_path/Frameworks @loader_path/Frameworks";
				PRODUCT_BUNDLE_IDENTIFIER = com.HenryFanDi.AnimationUITests;
				PRODUCT_NAME = "$(TARGET_NAME)";
				SWIFT_VERSION = 3.0;
				TEST_TARGET_NAME = Animation;
			};
			name = Debug;
		};
		D8C7D65A1D1E933E00006FF5 /* Release */ = {
			isa = XCBuildConfiguration;
			buildSettings = {
				INFOPLIST_FILE = AnimationUITests/Info.plist;
				LD_RUNPATH_SEARCH_PATHS = "$(inherited) @executable_path/Frameworks @loader_path/Frameworks";
				PRODUCT_BUNDLE_IDENTIFIER = com.HenryFanDi.AnimationUITests;
				PRODUCT_NAME = "$(TARGET_NAME)";
				SWIFT_VERSION = 3.0;
				TEST_TARGET_NAME = Animation;
			};
			name = Release;
		};
/* End XCBuildConfiguration section */

/* Begin XCConfigurationList section */
		D8C7D6221D1E933E00006FF5 /* Build configuration list for PBXProject "Animation" */ = {
			isa = XCConfigurationList;
			buildConfigurations = (
				D8C7D6501D1E933E00006FF5 /* Debug */,
				D8C7D6511D1E933E00006FF5 /* Release */,
			);
			defaultConfigurationIsVisible = 0;
			defaultConfigurationName = Release;
		};
		D8C7D6521D1E933E00006FF5 /* Build configuration list for PBXNativeTarget "Animation" */ = {
			isa = XCConfigurationList;
			buildConfigurations = (
				D8C7D6531D1E933E00006FF5 /* Debug */,
				D8C7D6541D1E933E00006FF5 /* Release */,
			);
			defaultConfigurationIsVisible = 0;
			defaultConfigurationName = Release;
		};
		D8C7D6551D1E933E00006FF5 /* Build configuration list for PBXNativeTarget "AnimationTests" */ = {
			isa = XCConfigurationList;
			buildConfigurations = (
				D8C7D6561D1E933E00006FF5 /* Debug */,
				D8C7D6571D1E933E00006FF5 /* Release */,
			);
			defaultConfigurationIsVisible = 0;
			defaultConfigurationName = Release;
		};
		D8C7D6581D1E933E00006FF5 /* Build configuration list for PBXNativeTarget "AnimationUITests" */ = {
			isa = XCConfigurationList;
			buildConfigurations = (
				D8C7D6591D1E933E00006FF5 /* Debug */,
				D8C7D65A1D1E933E00006FF5 /* Release */,
			);
			defaultConfigurationIsVisible = 0;
			defaultConfigurationName = Release;
		};
/* End XCConfigurationList section */

/* Begin XCVersionGroup section */
		D8C7D6311D1E933E00006FF5 /* Animation.xcdatamodeld */ = {
			isa = XCVersionGroup;
			children = (
				D8C7D6321D1E933E00006FF5 /* Animation.xcdatamodel */,
			);
			currentVersion = D8C7D6321D1E933E00006FF5 /* Animation.xcdatamodel */;
			path = Animation.xcdatamodeld;
			sourceTree = "<group>";
			versionGroupType = wrapper.xcdatamodel;
		};
/* End XCVersionGroup section */
	};
	rootObject = D8C7D61F1D1E933E00006FF5 /* Project object */;
}
